<?xml version="1.0" encoding="utf-8"?>
<Project ToolsVersion="4.0" xmlns="http://schemas.microsoft.com/developer/msbuild/2003">
  <ItemGroup>
    <Filter Include="Source Files">
      <UniqueIdentifier>{f25a1c80-e42c-49f1-9174-a9f5fef48a3e}</UniqueIdentifier>
      <Extensions>cpp</Extensions>
    </Filter>
    <Filter Include="Header Files">
      <UniqueIdentifier>{3481f641-610b-46d5-8976-d616f2e4b529}</UniqueIdentifier>
      <Extensions>h</Extensions>
    </Filter>
  </ItemGroup>
  <ItemGroup>
    <ClCompile Include="src\imocapdata.cpp">
      <Filter>Source Files</Filter>
    </ClCompile>
    <ClCompile Include="src\imocapdatabvh.cpp">
      <Filter>Source Files</Filter>
    </ClCompile>
    <ClCompile Include="src\imocapimport.cpp">
      <Filter>Source Files</Filter>
    </ClCompile>
    <ClCompile Include="src\iskeleton.cpp">
      <Filter>Source Files</Filter>
    </ClCompile>
    <ClCompile Include="src\pluginmain.cpp">
      <Filter>Source Files</Filter>
    </ClCompile>
    <ClCompile Include="src\netdevicenode.cpp">
      <Filter>Source Files</Filter>
    </ClCompile>
    <ClCompile Include="src\createskeletoncmd.cpp">
      <Filter>Source Files</Filter>
    </ClCompile>
  </ItemGroup>
  <ItemGroup>
    <ClInclude Include="src\iconverter.h">
      <Filter>Header Files</Filter>
    </ClInclude>
    <ClInclude Include="src\imath.hpp">
      <Filter>Header Files</Filter>
    </ClInclude>
    <ClInclude Include="src\imocapdata.h">
      <Filter>Header Files</Filter>
    </ClInclude>
    <ClInclude Include="src\imocapdatabvh.h">
      <Filter>Header Files</Filter>
    </ClInclude>
    <ClInclude Include="src\imocapimport.h">
      <Filter>Header Files</Filter>
    </ClInclude>
    <ClInclude Include="src\iskeleton.h">
      <Filter>Header Files</Filter>
    </ClInclude>
    <ClInclude Include="src\ivector.hpp">
      <Filter>Header Files</Filter>
    </ClInclude>
    <ClInclude Include="src\netdevicenode.h">
      <Filter>Header Files</Filter>
    </ClInclude>
    <ClInclude Include="src\resource.h">
      <Filter>Header Files</Filter>
    </ClInclude>
    <ClInclude Include="src\idebug.h">
      <Filter>Header Files</Filter>
    </ClInclude>
    <ClInclude Include="src\macros.h">
      <Filter>Header Files</Filter>
    </ClInclude>
    <ClInclude Include="src\createskeletoncmd.h">
      <Filter>Header Files</Filter>
    </ClInclude>
  </ItemGroup>
  <ItemGroup>
    <ResourceCompile Include="src\mayamocap.rc" />
  </ItemGroup>
</Project>